// !$*UTF8*$!
{
	archiveVersion = 1;
	classes = {
	};
	objectVersion = 50;
	objects = {

/* Begin PBXBuildFile section */
		5581D0B6255C499600ECBB7A /* AppDelegate.swift in Sources */ = {isa = PBXBuildFile; fileRef = 5581D0B5255C499600ECBB7A /* AppDelegate.swift */; };
		5581D0B8255C499600ECBB7A /* SceneDelegate.swift in Sources */ = {isa = PBXBuildFile; fileRef = 5581D0B7255C499600ECBB7A /* SceneDelegate.swift */; };
		5581D0BA255C499600ECBB7A /* ViewController.swift in Sources */ = {isa = PBXBuildFile; fileRef = 5581D0B9255C499600ECBB7A /* ViewController.swift */; };
		5581D0BD255C499600ECBB7A /* Main.storyboard in Resources */ = {isa = PBXBuildFile; fileRef = 5581D0BB255C499600ECBB7A /* Main.storyboard */; };
		5581D0BF255C499B00ECBB7A /* Assets.xcassets in Resources */ = {isa = PBXBuildFile; fileRef = 5581D0BE255C499B00ECBB7A /* Assets.xcassets */; };
		5581D0C2255C499B00ECBB7A /* LaunchScreen.storyboard in Resources */ = {isa = PBXBuildFile; fileRef = 5581D0C0255C499B00ECBB7A /* LaunchScreen.storyboard */; };
		5581D0D0255F79D600ECBB7A /* TireAnimationView.swift in Sources */ = {isa = PBXBuildFile; fileRef = 5581D0CF255F79D600ECBB7A /* TireAnimationView.swift */; };
/* End PBXBuildFile section */

/* Begin PBXFileReference section */
		5581D0B2255C499600ECBB7A /* Project02-RonniHartlage.app */ = {isa = PBXFileReference; explicitFileType = wrapper.application; includeInIndex = 0; path = "Project02-RonniHartlage.app"; sourceTree = BUILT_PRODUCTS_DIR; };
		5581D0B5255C499600ECBB7A /* AppDelegate.swift */ = {isa = PBXFileReference; lastKnownFileType = sourcecode.swift; path = AppDelegate.swift; sourceTree = "<group>"; };
		5581D0B7255C499600ECBB7A /* SceneDelegate.swift */ = {isa = PBXFileReference; lastKnownFileType = sourcecode.swift; path = SceneDelegate.swift; sourceTree = "<group>"; };
		5581D0B9255C499600ECBB7A /* ViewController.swift */ = {isa = PBXFileReference; lastKnownFileType = sourcecode.swift; path = ViewController.swift; sourceTree = "<group>"; };
		5581D0BC255C499600ECBB7A /* Base */ = {isa = PBXFileReference; lastKnownFileType = file.storyboard; name = Base; path = Base.lproj/Main.storyboard; sourceTree = "<group>"; };
		5581D0BE255C499B00ECBB7A /* Assets.xcassets */ = {isa = PBXFileReference; lastKnownFileType = folder.assetcatalog; path = Assets.xcassets; sourceTree = "<group>"; };
		5581D0C1255C499B00ECBB7A /* Base */ = {isa = PBXFileReference; lastKnownFileType = file.storyboard; name = Base; path = Base.lproj/LaunchScreen.storyboard; sourceTree = "<group>"; };
		5581D0C3255C499B00ECBB7A /* Info.plist */ = {isa = PBXFileReference; lastKnownFileType = text.plist.xml; path = Info.plist; sourceTree = "<group>"; };
		5581D0CF255F79D600ECBB7A /* TireAnimationView.swift */ = {isa = PBXFileReference; lastKnownFileType = sourcecode.swift; path = TireAnimationView.swift; sourceTree = "<group>"; };
/* End PBXFileReference section */

/* Begin PBXFrameworksBuildPhase section */
		5581D0AF255C499600ECBB7A /* Frameworks */ = {
			isa = PBXFrameworksBuildPhase;
			buildActionMask = 2147483647;
			files = (
			);
			runOnlyForDeploymentPostprocessing = 0;
		};
/* End PBXFrameworksBuildPhase section */

/* Begin PBXGroup section */
		5581D0A9255C499600ECBB7A = {
			isa = PBXGroup;
			children = (
				5581D0B4255C499600ECBB7A /* Project02-RonniHartlage */,
				5581D0B3255C499600ECBB7A /* Products */,
			);
			sourceTree = "<group>";
		};
		5581D0B3255C499600ECBB7A /* Products */ = {
			isa = PBXGroup;
			children = (
				5581D0B2255C499600ECBB7A /* Project02-RonniHartlage.app */,
			);
			name = Products;
			sourceTree = "<group>";
		};
		5581D0B4255C499600ECBB7A /* Project02-RonniHartlage */ = {
			isa = PBXGroup;
			children = (
				5581D0C9255C49E000ECBB7A /* Controller */,
				5581D0BE255C499B00ECBB7A /* Assets.xcassets */,
				5581D0CA255C4A1000ECBB7A /* View */,
				5581D0C3255C499B00ECBB7A /* Info.plist */,
			);
			path = "Project02-RonniHartlage";
			sourceTree = "<group>";
		};
		5581D0C9255C49E000ECBB7A /* Controller */ = {
			isa = PBXGroup;
			children = (
				5581D0B5255C499600ECBB7A /* AppDelegate.swift */,
				5581D0B7255C499600ECBB7A /* SceneDelegate.swift */,
				5581D0B9255C499600ECBB7A /* ViewController.swift */,
			);
			path = Controller;
			sourceTree = "<group>";
		};
		5581D0CA255C4A1000ECBB7A /* View */ = {
			isa = PBXGroup;
			children = (
				5581D0BB255C499600ECBB7A /* Main.storyboard */,
				5581D0C0255C499B00ECBB7A /* LaunchScreen.storyboard */,
				5581D0CF255F79D600ECBB7A /* TireAnimationView.swift */,
			);
			path = View;
			sourceTree = "<group>";
		};
/* End PBXGroup section */

/* Begin PBXNativeTarget section */
		5581D0B1255C499600ECBB7A /* Project02-RonniHartlage */ = {
			isa = PBXNativeTarget;
			buildConfigurationList = 5581D0C6255C499B00ECBB7A /* Build configuration list for PBXNativeTarget "Project02-RonniHartlage" */;
			buildPhases = (
				5581D0AE255C499600ECBB7A /* Sources */,
				5581D0AF255C499600ECBB7A /* Frameworks */,
				5581D0B0255C499600ECBB7A /* Resources */,
			);
			buildRules = (
			);
			dependencies = (
			);
			name = "Project02-RonniHartlage";
			productName = "Project02-RonniHartlage";
			productReference = 5581D0B2255C499600ECBB7A /* Project02-RonniHartlage.app */;
			productType = "com.apple.product-type.application";
		};
/* End PBXNativeTarget section */

/* Begin PBXProject section */
		5581D0AA255C499600ECBB7A /* Project object */ = {
			isa = PBXProject;
			attributes = {
				LastSwiftUpdateCheck = 1170;
				LastUpgradeCheck = 1170;
				ORGANIZATIONNAME = "Ronni Hartlage";
				TargetAttributes = {
					5581D0B1255C499600ECBB7A = {
						CreatedOnToolsVersion = 11.7;
					};
				};
			};
			buildConfigurationList = 5581D0AD255C499600ECBB7A /* Build configuration list for PBXProject "Project02-RonniHartlage" */;
			compatibilityVersion = "Xcode 9.3";
			developmentRegion = en;
			hasScannedForEncodings = 0;
			knownRegions = (
				en,
				Base,
			);
			mainGroup = 5581D0A9255C499600ECBB7A;
			productRefGroup = 5581D0B3255C499600ECBB7A /* Products */;
			projectDirPath = "";
			projectRoot = "";
			targets = (
				5581D0B1255C499600ECBB7A /* Project02-RonniHartlage */,
			);
		};
/* End PBXProject section */

/* Begin PBXResourcesBuildPhase section */
		5581D0B0255C499600ECBB7A /* Resources */ = {
			isa = PBXResourcesBuildPhase;
			buildActionMask = 2147483647;
			files = (
				5581D0C2255C499B00ECBB7A /* LaunchScreen.storyboard in Resources */,
				5581D0BF255C499B00ECBB7A /* Assets.xcassets in Resources */,
				5581D0BD255C499600ECBB7A /* Main.storyboard in Resources */,
			);
			runOnlyForDeploymentPostprocessing = 0;
		};
/* End PBXResourcesBuildPhase section */

/* Begin PBXSourcesBuildPhase section */
		5581D0AE255C499600ECBB7A /* Sources */ = {
			isa = PBXSourcesBuildPhase;
			buildActionMask = 2147483647;
			files = (
				5581D0BA255C499600ECBB7A /* ViewController.swift in Sources */,
				5581D0D0255F79D600ECBB7A /* TireAnimationView.swift in Sources */,
				5581D0B6255C499600ECBB7A /* AppDelegate.swift in Sources */,
				5581D0B8255C499600ECBB7A /* SceneDelegate.swift in Sources */,
			);
			runOnlyForDeploymentPostprocessing = 0;
		};
/* End PBXSourcesBuildPhase section */

/* Begin PBXVariantGroup section */
		5581D0BB255C499600ECBB7A /* Main.storyboard */ = {
			isa = PBXVariantGroup;
			children = (
				5581D0BC255C499600ECBB7A /* Base */,
			);
			name = Main.storyboard;
			sourceTree = "<group>";
		};
		5581D0C0255C499B00ECBB7A /* LaunchScreen.storyboard */ = {
			isa = PBXVariantGroup;
			children = (
				5581D0C1255C499B00ECBB7A /* Base */,
			);
			name = LaunchScreen.storyboard;
			sourceTree = "<group>";
		};
/* End PBXVariantGroup section */

/* Begin XCBuildConfiguration section */
		5581D0C4255C499B00ECBB7A /* Debug */ = {
			isa = XCBuildConfiguration;
			buildSettings = {
				ALWAYS_SEARCH_USER_PATHS = NO;
				CLANG_ANALYZER_NONNULL = YES;
				CLANG_ANALYZER_NUMBER_OBJECT_CONVERSION = YES_AGGRESSIVE;
				CLANG_CXX_LANGUAGE_STANDARD = "gnu++14";
				CLANG_CXX_LIBRARY = "libc++";
				CLANG_ENABLE_MODULES = YES;
				CLANG_ENABLE_OBJC_ARC = YES;
				CLANG_ENABLE_OBJC_WEAK = YES;
				CLANG_WARN_BLOCK_CAPTURE_AUTORELEASING = YES;
				CLANG_WARN_BOOL_CONVERSION = YES;
				CLANG_WARN_COMMA = YES;
				CLANG_WARN_CONSTANT_CONVERSION = YES;
				CLANG_WARN_DEPRECATED_OBJC_IMPLEMENTATIONS = YES;
				CLANG_WARN_DIRECT_OBJC_ISA_USAGE = YES_ERROR;
				CLANG_WARN_DOCUMENTATION_COMMENTS = YES;
				CLANG_WARN_EMPTY_BODY = YES;
				CLANG_WARN_ENUM_CONVERSION = YES;
				CLANG_WARN_INFINITE_RECURSION = YES;
				CLANG_WARN_INT_CONVERSION = YES;
				CLANG_WARN_NON_LITERAL_NULL_CONVERSION = YES;
				CLANG_WARN_OBJC_IMPLICIT_RETAIN_SELF = YES;
				CLANG_WARN_OBJC_LITERAL_CONVERSION = YES;
				CLANG_WARN_OBJC_ROOT_CLASS = YES_ERROR;
				CLANG_WARN_RANGE_LOOP_ANALYSIS = YES;
				CLANG_WARN_STRICT_PROTOTYPES = YES;
				CLANG_WARN_SUSPICIOUS_MOVE = YES;
				CLANG_WARN_UNGUARDED_AVAILABILITY = YES_AGGRESSIVE;
				CLANG_WARN_UNREACHABLE_CODE = YES;
				CLANG_WARN__DUPLICATE_METHOD_MATCH = YES;
				COPY_PHASE_STRIP = NO;
				DEBUG_INFORMATION_FORMAT = dwarf;
				ENABLE_STRICT_OBJC_MSGSEND = YES;
				ENABLE_TESTABILITY = YES;
				GCC_C_LANGUAGE_STANDARD = gnu11;
				GCC_DYNAMIC_NO_PIC = NO;
				GCC_NO_COMMON_BLOCKS = YES;
				GCC_OPTIMIZATION_LEVEL = 0;
				GCC_PREPROCESSOR_DEFINITIONS = (
					"DEBUG=1",
					"$(inherited)",
				);
				GCC_WARN_64_TO_32_BIT_CONVERSION = YES;
				GCC_WARN_ABOUT_RETURN_TYPE = YES_ERROR;
				GCC_WARN_UNDECLARED_SELECTOR = YES;
				GCC_WARN_UNINITIALIZED_AUTOS = YES_AGGRESSIVE;
				GCC_WARN_UNUSED_FUNCTION = YES;
				GCC_WARN_UNUSED_VARIABLE = YES;
				IPHONEOS_DEPLOYMENT_TARGET = 13.7;
				MTL_ENABLE_DEBUG_INFO = INCLUDE_SOURCE;
				MTL_FAST_MATH = YES;
				ONLY_ACTIVE_ARCH = YES;
				SDKROOT = iphoneos;
				SWIFT_ACTIVE_COMPILATION_CONDITIONS = DEBUG;
				SWIFT_OPTIMIZATION_LEVEL = "-Onone";
			};
			name = Debug;
		};
		5581D0C5255C499B00ECBB7A /* Release */ = {
			isa = XCBuildConfiguration;
			buildSettings = {
				ALWAYS_SEARCH_USER_PATHS = NO;
				CLANG_ANALYZER_NONNULL = YES;
				CLANG_ANALYZER_NUMBER_OBJECT_CONVERSION = YES_AGGRESSIVE;
				CLANG_CXX_LANGUAGE_STANDARD = "gnu++14";
				CLANG_CXX_LIBRARY = "libc++";
				CLANG_ENABLE_MODULES = YES;
				CLANG_ENABLE_OBJC_ARC = YES;
				CLANG_ENABLE_OBJC_WEAK = YES;
				CLANG_WARN_BLOCK_CAPTURE_AUTORELEASING = YES;
				CLANG_WARN_BOOL_CONVERSION = YES;
				CLANG_WARN_COMMA = YES;
				CLANG_WARN_CONSTANT_CONVERSION = YES;
				CLANG_WARN_DEPRECATED_OBJC_IMPLEMENTATIONS = YES;
				CLANG_WARN_DIRECT_OBJC_ISA_USAGE = YES_ERROR;
				CLANG_WARN_DOCUMENTATION_COMMENTS = YES;
				CLANG_WARN_EMPTY_BODY = YES;
				CLANG_WARN_ENUM_CONVERSION = YES;
				CLANG_WARN_INFINITE_RECURSION = YES;
				CLANG_WARN_INT_CONVERSION = YES;
				CLANG_WARN_NON_LITERAL_NULL_CONVERSION = YES;
				CLANG_WARN_OBJC_IMPLICIT_RETAIN_SELF = YES;
				CLANG_WARN_OBJC_LITERAL_CONVERSION = YES;
				CLANG_WARN_OBJC_ROOT_CLASS = YES_ERROR;
				CLANG_WARN_RANGE_LOOP_ANALYSIS = YES;
				CLANG_WARN_STRICT_PROTOTYPES = YES;
				CLANG_WARN_SUSPICIOUS_MOVE = YES;
				CLANG_WARN_UNGUARDED_AVAILABILITY = YES_AGGRESSIVE;
				CLANG_WARN_UNREACHABLE_CODE = YES;
				CLANG_WARN__DUPLICATE_METHOD_MATCH = YES;
				COPY_PHASE_STRIP = NO;
				DEBUG_INFORMATION_FORMAT = "dwarf-with-dsym";
				ENABLE_NS_ASSERTIONS = NO;
				ENABLE_STRICT_OBJC_MSGSEND = YES;
				GCC_C_LANGUAGE_STANDARD = gnu11;
				GCC_NO_COMMON_BLOCKS = YES;
				GCC_WARN_64_TO_32_BIT_CONVERSION = YES;
				GCC_WARN_ABOUT_RETURN_TYPE = YES_ERROR;
				GCC_WARN_UNDECLARED_SELECTOR = YES;
				GCC_WARN_UNINITIALIZED_AUTOS = YES_AGGRESSIVE;
				GCC_WARN_UNUSED_FUNCTION = YES;
				GCC_WARN_UNUSED_VARIABLE = YES;
				IPHONEOS_DEPLOYMENT_TARGET = 13.7;
				MTL_ENABLE_DEBUG_INFO = NO;
				MTL_FAST_MATH = YES;
				SDKROOT = iphoneos;
				SWIFT_COMPILATION_MODE = wholemodule;
				SWIFT_OPTIMIZATION_LEVEL = "-O";
				VALIDATE_PRODUCT = YES;
			};
			name = Release;
		};
		5581D0C7255C499B00ECBB7A /* Debug */ = {
			isa = XCBuildConfiguration;
			buildSettings = {
				ASSETCATALOG_COMPILER_APPICON_NAME = AppIcon;
				CODE_SIGN_STYLE = Automatic;
				INFOPLIST_FILE = "Project02-RonniHartlage/Info.plist";
				LD_RUNPATH_SEARCH_PATHS = (
					"$(inherited)",
					"@executable_path/Frameworks",
				);
				PRODUCT_BUNDLE_IDENTIFIER = "Wright-State-University.Project02-RonniHartlage";
				PRODUCT_NAME = "$(TARGET_NAME)";
				SWIFT_VERSION = 5.0;
				TARGETED_DEVICE_FAMILY = "1,2";
			};
			name = Debug;
		};
		5581D0C8255C499B00ECBB7A /* Release */ = {
			isa = XCBuildConfiguration;
			buildSettings = {
				ASSETCATALOG_COMPILER_APPICON_NAME = AppIcon;
				CODE_SIGN_STYLE = Automatic;
				INFOPLIST_FILE = "Project02-RonniHartlage/Info.plist";
				LD_RUNPATH_SEARCH_PATHS = (
					"$(inherited)",
					"@executable_path/Frameworks",
				);
				PRODUCT_BUNDLE_IDENTIFIER = "Wright-State-University.Project02-RonniHartlage";
				PRODUCT_NAME = "$(TARGET_NAME)";
				SWIFT_VERSION = 5.0;
				TARGETED_DEVICE_FAMILY = "1,2";
			};
			name = Release;
		};
/* End XCBuildConfiguration section */

/* Begin XCConfigurationList section */
		5581D0AD255C499600ECBB7A /* Build configuration list for PBXProject "Project02-RonniHartlage" */ = {
			isa = XCConfigurationList;
			buildConfigurations = (
				5581D0C4255C499B00ECBB7A /* Debug */,
				5581D0C5255C499B00ECBB7A /* Release */,
			);
			defaultConfigurationIsVisible = 0;
			defaultConfigurationName = Release;
		};
		5581D0C6255C499B00ECBB7A /* Build configuration list for PBXNativeTarget "Project02-RonniHartlage" */ = {
			isa = XCConfigurationList;
			buildConfigurations = (
				5581D0C7255C499B00ECBB7A /* Debug */,
				5581D0C8255C499B00ECBB7A /* Release */,
			);
			defaultConfigurationIsVisible = 0;
			defaultConfigurationName = Release;
		};
/* End XCConfigurationList section */
	};
	rootObject = 5581D0AA255C499600ECBB7A /* Project object */;
}
